
Microsoft Visual Studio Solution File, Format Version 12.00
# Visual Studio Version 17
VisualStudioVersion = 17.0.31903.59
MinimumVisualStudioVersion = 10.0.40219.1
Project("{2150E333-8FDC-42A3-9474-1A3956D46DE8}") = "src", "src", "{827E0CD3-B72D-47B6-A68D-7590B98EB39B}"
EndProject
Project("{FAE04EC0-301F-11D3-BF4B-00C04F79EFBC}") = "TeleportDelivery.Core", "src\TeleportDelivery.Core\TeleportDelivery.Core.csproj", "{B58877A1-9B5C-41D6-872C-7686FA3209C3}"
EndProject
Project("{FAE04EC0-301F-11D3-BF4B-00C04F79EFBC}") = "TeleportDelivery.Cli", "src\TeleportDelivery.Cli\TeleportDelivery.Cli.csproj", "{66DDAC05-9B1F-4049-A6DC-FC71D364FC2C}"
EndProject
Project("{2150E333-8FDC-42A3-9474-1A3956D46DE8}") = "tests", "tests", "{0AB3BF05-4346-4AA6-1389-037BE0695223}"
EndProject
Project("{FAE04EC0-301F-11D3-BF4B-00C04F79EFBC}") = "TeleportDelivery.Tests", "tests\TeleportDelivery.Tests\TeleportDelivery.Tests.csproj", "{A6F2E545-BE60-4BED-B64D-8400677E5CEC}"
EndProject
Project("{2150E333-8FDC-42A3-9474-1A3956D46DE8}") = "benchmarks", "benchmarks", "{66320409-64EC-F7C5-3DEF-65E7510DAAD1}"
EndProject
Project("{FAE04EC0-301F-11D3-BF4B-00C04F79EFBC}") = "TeleportDelivery.Benchmarks", "benchmarks\TeleportDelivery.Benchmarks\TeleportDelivery.Benchmarks.csproj", "{21165FFF-FB1C-4A5D-AC21-96B377B1365C}"
EndProject
Global
	GlobalSection(SolutionConfigurationPlatforms) = preSolution
		Debug|Any CPU = Debug|Any CPU
		Debug|x64 = Debug|x64
		Debug|x86 = Debug|x86
		Release|Any CPU = Release|Any CPU
		Release|x64 = Release|x64
		Release|x86 = Release|x86
	EndGlobalSection
	GlobalSection(ProjectConfigurationPlatforms) = postSolution
		{B58877A1-9B5C-41D6-872C-7686FA3209C3}.Debug|Any CPU.ActiveCfg = Debug|Any CPU
		{B58877A1-9B5C-41D6-872C-7686FA3209C3}.Debug|Any CPU.Build.0 = Debug|Any CPU
		{B58877A1-9B5C-41D6-872C-7686FA3209C3}.Debug|x64.ActiveCfg = Debug|Any CPU
		{B58877A1-9B5C-41D6-872C-7686FA3209C3}.Debug|x64.Build.0 = Debug|Any CPU
		{B58877A1-9B5C-41D6-872C-7686FA3209C3}.Debug|x86.ActiveCfg = Debug|Any CPU
		{B58877A1-9B5C-41D6-872C-7686FA3209C3}.Debug|x86.Build.0 = Debug|Any CPU
		{B58877A1-9B5C-41D6-872C-7686FA3209C3}.Release|Any CPU.ActiveCfg = Release|Any CPU
		{B58877A1-9B5C-41D6-872C-7686FA3209C3}.Release|Any CPU.Build.0 = Release|Any CPU
		{B58877A1-9B5C-41D6-872C-7686FA3209C3}.Release|x64.ActiveCfg = Release|Any CPU
		{B58877A1-9B5C-41D6-872C-7686FA3209C3}.Release|x64.Build.0 = Release|Any CPU
		{B58877A1-9B5C-41D6-872C-7686FA3209C3}.Release|x86.ActiveCfg = Release|Any CPU
		{B58877A1-9B5C-41D6-872C-7686FA3209C3}.Release|x86.Build.0 = Release|Any CPU
		{66DDAC05-9B1F-4049-A6DC-FC71D364FC2C}.Debug|Any CPU.ActiveCfg = Debug|Any CPU
		{66DDAC05-9B1F-4049-A6DC-FC71D364FC2C}.Debug|Any CPU.Build.0 = Debug|Any CPU
		{66DDAC05-9B1F-4049-A6DC-FC71D364FC2C}.Debug|x64.ActiveCfg = Debug|Any CPU
		{66DDAC05-9B1F-4049-A6DC-FC71D364FC2C}.Debug|x64.Build.0 = Debug|Any CPU
		{66DDAC05-9B1F-4049-A6DC-FC71D364FC2C}.Debug|x86.ActiveCfg = Debug|Any CPU
		{66DDAC05-9B1F-4049-A6DC-FC71D364FC2C}.Debug|x86.Build.0 = Debug|Any CPU
		{66DDAC05-9B1F-4049-A6DC-FC71D364FC2C}.Release|Any CPU.ActiveCfg = Release|Any CPU
		{66DDAC05-9B1F-4049-A6DC-FC71D364FC2C}.Release|Any CPU.Build.0 = Release|Any CPU
		{66DDAC05-9B1F-4049-A6DC-FC71D364FC2C}.Release|x64.ActiveCfg = Release|Any CPU
		{66DDAC05-9B1F-4049-A6DC-FC71D364FC2C}.Release|x64.Build.0 = Release|Any CPU
		{66DDAC05-9B1F-4049-A6DC-FC71D364FC2C}.Release|x86.ActiveCfg = Release|Any CPU
		{66DDAC05-9B1F-4049-A6DC-FC71D364FC2C}.Release|x86.Build.0 = Release|Any CPU
		{A6F2E545-BE60-4BED-B64D-8400677E5CEC}.Debug|Any CPU.ActiveCfg = Debug|Any CPU
		{A6F2E545-BE60-4BED-B64D-8400677E5CEC}.Debug|Any CPU.Build.0 = Debug|Any CPU
		{A6F2E545-BE60-4BED-B64D-8400677E5CEC}.Debug|x64.ActiveCfg = Debug|Any CPU
		{A6F2E545-BE60-4BED-B64D-8400677E5CEC}.Debug|x64.Build.0 = Debug|Any CPU
		{A6F2E545-BE60-4BED-B64D-8400677E5CEC}.Debug|x86.ActiveCfg = Debug|Any CPU
		{A6F2E545-BE60-4BED-B64D-8400677E5CEC}.Debug|x86.Build.0 = Debug|Any CPU
		{A6F2E545-BE60-4BED-B64D-8400677E5CEC}.Release|Any CPU.ActiveCfg = Release|Any CPU
		{A6F2E545-BE60-4BED-B64D-8400677E5CEC}.Release|Any CPU.Build.0 = Release|Any CPU
		{A6F2E545-BE60-4BED-B64D-8400677E5CEC}.Release|x64.ActiveCfg = Release|Any CPU
		{A6F2E545-BE60-4BED-B64D-8400677E5CEC}.Release|x64.Build.0 = Release|Any CPU
		{A6F2E545-BE60-4BED-B64D-8400677E5CEC}.Release|x86.ActiveCfg = Release|Any CPU
		{A6F2E545-BE60-4BED-B64D-8400677E5CEC}.Release|x86.Build.0 = Release|Any CPU
		{21165FFF-FB1C-4A5D-AC21-96B377B1365C}.Debug|Any CPU.ActiveCfg = Debug|Any CPU
		{21165FFF-FB1C-4A5D-AC21-96B377B1365C}.Debug|Any CPU.Build.0 = Debug|Any CPU
		{21165FFF-FB1C-4A5D-AC21-96B377B1365C}.Debug|x64.ActiveCfg = Debug|Any CPU
		{21165FFF-FB1C-4A5D-AC21-96B377B1365C}.Debug|x64.Build.0 = Debug|Any CPU
		{21165FFF-FB1C-4A5D-AC21-96B377B1365C}.Debug|x86.ActiveCfg = Debug|Any CPU
		{21165FFF-FB1C-4A5D-AC21-96B377B1365C}.Debug|x86.Build.0 = Debug|Any CPU
		{21165FFF-FB1C-4A5D-AC21-96B377B1365C}.Release|Any CPU.ActiveCfg = Release|Any CPU
		{21165FFF-FB1C-4A5D-AC21-96B377B1365C}.Release|Any CPU.Build.0 = Release|Any CPU
		{21165FFF-FB1C-4A5D-AC21-96B377B1365C}.Release|x64.ActiveCfg = Release|Any CPU
		{21165FFF-FB1C-4A5D-AC21-96B377B1365C}.Release|x64.Build.0 = Release|Any CPU
		{21165FFF-FB1C-4A5D-AC21-96B377B1365C}.Release|x86.ActiveCfg = Release|Any CPU
		{21165FFF-FB1C-4A5D-AC21-96B377B1365C}.Release|x86.Build.0 = Release|Any CPU
	EndGlobalSection
	GlobalSection(SolutionProperties) = preSolution
		HideSolutionNode = FALSE
	EndGlobalSection
	GlobalSection(NestedProjects) = preSolution
		{B58877A1-9B5C-41D6-872C-7686FA3209C3} = {827E0CD3-B72D-47B6-A68D-7590B98EB39B}
		{66DDAC05-9B1F-4049-A6DC-FC71D364FC2C} = {827E0CD3-B72D-47B6-A68D-7590B98EB39B}
		{A6F2E545-BE60-4BED-B64D-8400677E5CEC} = {0AB3BF05-4346-4AA6-1389-037BE0695223}
		{21165FFF-FB1C-4A5D-AC21-96B377B1365C} = {66320409-64EC-F7C5-3DEF-65E7510DAAD1}
	EndGlobalSection
EndGlobal
